
Microsoft Visual Studio Solution File, Format Version 12.00
# Visual Studio Version 17
VisualStudioVersion = 17.9.34728.123
MinimumVisualStudioVersion = 10.0.40219.1
Project("{FAE04EC0-301F-11D3-BF4B-00C04F79EFBC}") = "StokTakip", "StokTakip\StokTakip.csproj", "{A94223DB-CACA-4E9B-9418-AEF75C9872AF}"
EndProject
Global
	GlobalSection(SolutionConfigurationPlatforms) = preSolution
		Debug|Any CPU = Debug|Any CPU
		Release|Any CPU = Release|Any CPU
	EndGlobalSection
	GlobalSection(ProjectConfigurationPlatforms) = postSolution
		{A94223DB-CACA-4E9B-9418-AEF75C9872AF}.Debug|Any CPU.ActiveCfg = Debug|Any CPU
		{A94223DB-CACA-4E9B-9418-AEF75C9872AF}.Debug|Any CPU.Build.0 = Debug|Any CPU
		{A94223DB-CACA-4E9B-9418-AEF75C9872AF}.Release|Any CPU.ActiveCfg = Release|Any CPU
		{A94223DB-CACA-4E9B-9418-AEF75C9872AF}.Release|Any CPU.Build.0 = Release|Any CPU
	EndGlobalSection
	GlobalSection(SolutionProperties) = preSolution
		HideSolutionNode = FALSE
	EndGlobalSection
	GlobalSection(ExtensibilityGlobals) = postSolution
		SolutionGuid = {7D6069E1-E946-4EE0-A1C1-D7B193A469CF}
	EndGlobalSection
EndGlobal
